
Microsoft Visual Studio Solution File, Format Version 12.00
# Visual Studio Version 16
VisualStudioVersion = 16.0.28729.10
MinimumVisualStudioVersion = 10.0.40219.1
Project("{FAE04EC0-301F-11D3-BF4B-00C04F79EFBC}") = "XYZCompany.ShoppingCart.Promotion.Data", "XYZCompany.ShoppingCart.Promotion.Data\XYZCompany.ShoppingCart.Promotion.Data.csproj", "{B5F5AB13-07FA-4BA4-A5A1-D22114B86465}"
EndProject
Project("{FAE04EC0-301F-11D3-BF4B-00C04F79EFBC}") = "XYZCompany.ShoppingCart.Unit", "XYZCompany.ShoppingCart.Unit\XYZCompany.ShoppingCart.Unit.csproj", "{86B4511D-2BE5-406C-ACBD-A47DE7D90FCB}"
EndProject
Global
	GlobalSection(SolutionConfigurationPlatforms) = preSolution
		Debug|Any CPU = Debug|Any CPU
		Release|Any CPU = Release|Any CPU
	EndGlobalSection
	GlobalSection(ProjectConfigurationPlatforms) = postSolution
		{B5F5AB13-07FA-4BA4-A5A1-D22114B86465}.Debug|Any CPU.ActiveCfg = Debug|Any CPU
		{B5F5AB13-07FA-4BA4-A5A1-D22114B86465}.Debug|Any CPU.Build.0 = Debug|Any CPU
		{B5F5AB13-07FA-4BA4-A5A1-D22114B86465}.Release|Any CPU.ActiveCfg = Release|Any CPU
		{B5F5AB13-07FA-4BA4-A5A1-D22114B86465}.Release|Any CPU.Build.0 = Release|Any CPU
		{86B4511D-2BE5-406C-ACBD-A47DE7D90FCB}.Debug|Any CPU.ActiveCfg = Debug|Any CPU
		{86B4511D-2BE5-406C-ACBD-A47DE7D90FCB}.Debug|Any CPU.Build.0 = Debug|Any CPU
		{86B4511D-2BE5-406C-ACBD-A47DE7D90FCB}.Release|Any CPU.ActiveCfg = Release|Any CPU
		{86B4511D-2BE5-406C-ACBD-A47DE7D90FCB}.Release|Any CPU.Build.0 = Release|Any CPU
	EndGlobalSection
	GlobalSection(SolutionProperties) = preSolution
		HideSolutionNode = FALSE
	EndGlobalSection
	GlobalSection(ExtensibilityGlobals) = postSolution
		SolutionGuid = {D228355E-DC4A-4261-BED1-4AE37731A177}
	EndGlobalSection
EndGlobal
